// !$*UTF8*$!
{
	archiveVersion = 1;
	classes = {
	};
	objectVersion = 48;
	objects = {

/* Begin PBXBuildFile section */
		FAB1D0DB204687C9001121FC /* AppDelegate.swift in Sources */ = {isa = PBXBuildFile; fileRef = FAB1D0DA204687C9001121FC /* AppDelegate.swift */; };
		FAB1D0E0204687C9001121FC /* Main.storyboard in Resources */ = {isa = PBXBuildFile; fileRef = FAB1D0DE204687C9001121FC /* Main.storyboard */; };
		FAB1D0E3204687C9001121FC /* Artilces.xcdatamodeld in Sources */ = {isa = PBXBuildFile; fileRef = FAB1D0E1204687C9001121FC /* Artilces.xcdatamodeld */; };
		FAB1D0E5204687C9001121FC /* Assets.xcassets in Resources */ = {isa = PBXBuildFile; fileRef = FAB1D0E4204687C9001121FC /* Assets.xcassets */; };
		FAB1D0E8204687C9001121FC /* LaunchScreen.storyboard in Resources */ = {isa = PBXBuildFile; fileRef = FAB1D0E6204687C9001121FC /* LaunchScreen.storyboard */; };
		FAB1D0F0204689BA001121FC /* ArticleListTableViewController.swift in Sources */ = {isa = PBXBuildFile; fileRef = FAB1D0EF204689BA001121FC /* ArticleListTableViewController.swift */; };
		FAB1D0F220469290001121FC /* ArticleTableViewCell.swift in Sources */ = {isa = PBXBuildFile; fileRef = FAB1D0F120469290001121FC /* ArticleTableViewCell.swift */; };
		FAB1D0F420469A74001121FC /* ArticleListViewModel.swift in Sources */ = {isa = PBXBuildFile; fileRef = FAB1D0F320469A74001121FC /* ArticleListViewModel.swift */; };
		FAB1D0F620469ED9001121FC /* ArticleModel.swift in Sources */ = {isa = PBXBuildFile; fileRef = FAB1D0F520469ED9001121FC /* ArticleModel.swift */; };
/* End PBXBuildFile section */

/* Begin PBXFileReference section */
		FAB1D0D7204687C9001121FC /* Artilces.app */ = {isa = PBXFileReference; explicitFileType = wrapper.application; includeInIndex = 0; path = Artilces.app; sourceTree = BUILT_PRODUCTS_DIR; };
		FAB1D0DA204687C9001121FC /* AppDelegate.swift */ = {isa = PBXFileReference; lastKnownFileType = sourcecode.swift; path = AppDelegate.swift; sourceTree = "<group>"; };
		FAB1D0DF204687C9001121FC /* Base */ = {isa = PBXFileReference; lastKnownFileType = file.storyboard; name = Base; path = Base.lproj/Main.storyboard; sourceTree = "<group>"; };
		FAB1D0E2204687C9001121FC /* Artilces.xcdatamodel */ = {isa = PBXFileReference; lastKnownFileType = wrapper.xcdatamodel; path = Artilces.xcdatamodel; sourceTree = "<group>"; };
		FAB1D0E4204687C9001121FC /* Assets.xcassets */ = {isa = PBXFileReference; lastKnownFileType = folder.assetcatalog; path = Assets.xcassets; sourceTree = "<group>"; };
		FAB1D0E7204687C9001121FC /* Base */ = {isa = PBXFileReference; lastKnownFileType = file.storyboard; name = Base; path = Base.lproj/LaunchScreen.storyboard; sourceTree = "<group>"; };
		FAB1D0E9204687C9001121FC /* Info.plist */ = {isa = PBXFileReference; lastKnownFileType = text.plist.xml; path = Info.plist; sourceTree = "<group>"; };
		FAB1D0EF204689BA001121FC /* ArticleListTableViewController.swift */ = {isa = PBXFileReference; lastKnownFileType = sourcecode.swift; path = ArticleListTableViewController.swift; sourceTree = "<group>"; };
		FAB1D0F120469290001121FC /* ArticleTableViewCell.swift */ = {isa = PBXFileReference; lastKnownFileType = sourcecode.swift; path = ArticleTableViewCell.swift; sourceTree = "<group>"; };
		FAB1D0F320469A74001121FC /* ArticleListViewModel.swift */ = {isa = PBXFileReference; lastKnownFileType = sourcecode.swift; path = ArticleListViewModel.swift; sourceTree = "<group>"; };
		FAB1D0F520469ED9001121FC /* ArticleModel.swift */ = {isa = PBXFileReference; lastKnownFileType = sourcecode.swift; path = ArticleModel.swift; sourceTree = "<group>"; };
/* End PBXFileReference section */

/* Begin PBXFrameworksBuildPhase section */
		FAB1D0D4204687C9001121FC /* Frameworks */ = {
			isa = PBXFrameworksBuildPhase;
			buildActionMask = 2147483647;
			files = (
			);
			runOnlyForDeploymentPostprocessing = 0;
		};
/* End PBXFrameworksBuildPhase section */

/* Begin PBXGroup section */
		FAB1D0CE204687C9001121FC = {
			isa = PBXGroup;
			children = (
				FAB1D0D9204687C9001121FC /* Artilces */,
				FAB1D0D8204687C9001121FC /* Products */,
			);
			sourceTree = "<group>";
		};
		FAB1D0D8204687C9001121FC /* Products */ = {
			isa = PBXGroup;
			children = (
				FAB1D0D7204687C9001121FC /* Artilces.app */,
			);
			name = Products;
			sourceTree = "<group>";
		};
		FAB1D0D9204687C9001121FC /* Artilces */ = {
			isa = PBXGroup;
			children = (
				FAB1D0DA204687C9001121FC /* AppDelegate.swift */,
				FAB1D0DE204687C9001121FC /* Main.storyboard */,
				FAB1D0E4204687C9001121FC /* Assets.xcassets */,
				FAB1D0E6204687C9001121FC /* LaunchScreen.storyboard */,
				FAB1D0E9204687C9001121FC /* Info.plist */,
				FAB1D0E1204687C9001121FC /* Artilces.xcdatamodeld */,
				FAB1D0EF204689BA001121FC /* ArticleListTableViewController.swift */,
				FAB1D0F120469290001121FC /* ArticleTableViewCell.swift */,
				FAB1D0F320469A74001121FC /* ArticleListViewModel.swift */,
				FAB1D0F520469ED9001121FC /* ArticleModel.swift */,
			);
			path = Artilces;
			sourceTree = "<group>";
		};
/* End PBXGroup section */

/* Begin PBXNativeTarget section */
		FAB1D0D6204687C9001121FC /* Artilces */ = {
			isa = PBXNativeTarget;
			buildConfigurationList = FAB1D0EC204687C9001121FC /* Build configuration list for PBXNativeTarget "Artilces" */;
			buildPhases = (
				FAB1D0D3204687C9001121FC /* Sources */,
				FAB1D0D4204687C9001121FC /* Frameworks */,
				FAB1D0D5204687C9001121FC /* Resources */,
			);
			buildRules = (
			);
			dependencies = (
			);
			name = Artilces;
			productName = Artilces;
			productReference = FAB1D0D7204687C9001121FC /* Artilces.app */;
			productType = "com.apple.product-type.application";
		};
/* End PBXNativeTarget section */

/* Begin PBXProject section */
		FAB1D0CF204687C9001121FC /* Project object */ = {
			isa = PBXProject;
			attributes = {
				LastSwiftUpdateCheck = 0920;
				LastUpgradeCheck = 0920;
				ORGANIZATIONNAME = "Agam Mahajan";
				TargetAttributes = {
					FAB1D0D6204687C9001121FC = {
						CreatedOnToolsVersion = 9.2;
						ProvisioningStyle = Automatic;
					};
				};
			};
			buildConfigurationList = FAB1D0D2204687C9001121FC /* Build configuration list for PBXProject "Artilces" */;
			compatibilityVersion = "Xcode 8.0";
			developmentRegion = en;
			hasScannedForEncodings = 0;
			knownRegions = (
				en,
				Base,
			);
			mainGroup = FAB1D0CE204687C9001121FC;
			productRefGroup = FAB1D0D8204687C9001121FC /* Products */;
			projectDirPath = "";
			projectRoot = "";
			targets = (
				FAB1D0D6204687C9001121FC /* Artilces */,
			);
		};
/* End PBXProject section */

/* Begin PBXResourcesBuildPhase section */
		FAB1D0D5204687C9001121FC /* Resources */ = {
			isa = PBXResourcesBuildPhase;
			buildActionMask = 2147483647;
			files = (
				FAB1D0E8204687C9001121FC /* LaunchScreen.storyboard in Resources */,
				FAB1D0E5204687C9001121FC /* Assets.xcassets in Resources */,
				FAB1D0E0204687C9001121FC /* Main.storyboard in Resources */,
			);
			runOnlyForDeploymentPostprocessing = 0;
		};
/* End PBXResourcesBuildPhase section */

/* Begin PBXSourcesBuildPhase section */
		FAB1D0D3204687C9001121FC /* Sources */ = {
			isa = PBXSourcesBuildPhase;
			buildActionMask = 2147483647;
			files = (
				FAB1D0F220469290001121FC /* ArticleTableViewCell.swift in Sources */,
				FAB1D0F0204689BA001121FC /* ArticleListTableViewController.swift in Sources */,
				FAB1D0E3204687C9001121FC /* Artilces.xcdatamodeld in Sources */,
				FAB1D0DB204687C9001121FC /* AppDelegate.swift in Sources */,
				FAB1D0F620469ED9001121FC /* ArticleModel.swift in Sources */,
				FAB1D0F420469A74001121FC /* ArticleListViewModel.swift in Sources */,
			);
			runOnlyForDeploymentPostprocessing = 0;
		};
/* End PBXSourcesBuildPhase section */

/* Begin PBXVariantGroup section */
		FAB1D0DE204687C9001121FC /* Main.storyboard */ = {
			isa = PBXVariantGroup;
			children = (
				FAB1D0DF204687C9001121FC /* Base */,
			);
			name = Main.storyboard;
			sourceTree = "<group>";
		};
		FAB1D0E6204687C9001121FC /* LaunchScreen.storyboard */ = {
			isa = PBXVariantGroup;
			children = (
				FAB1D0E7204687C9001121FC /* Base */,
			);
			name = LaunchScreen.storyboard;
			sourceTree = "<group>";
		};
/* End PBXVariantGroup section */

/* Begin XCBuildConfiguration section */
		FAB1D0EA204687C9001121FC /* Debug */ = {
			isa = XCBuildConfiguration;
			buildSettings = {
				ALWAYS_SEARCH_USER_PATHS = NO;
				CLANG_ANALYZER_NONNULL = YES;
				CLANG_ANALYZER_NUMBER_OBJECT_CONVERSION = YES_AGGRESSIVE;
				CLANG_CXX_LANGUAGE_STANDARD = "gnu++14";
				CLANG_CXX_LIBRARY = "libc++";
				CLANG_ENABLE_MODULES = YES;
				CLANG_ENABLE_OBJC_ARC = YES;
				CLANG_WARN_BLOCK_CAPTURE_AUTORELEASING = YES;
				CLANG_WARN_BOOL_CONVERSION = YES;
				CLANG_WARN_COMMA = YES;
				CLANG_WARN_CONSTANT_CONVERSION = YES;
				CLANG_WARN_DIRECT_OBJC_ISA_USAGE = YES_ERROR;
				CLANG_WARN_DOCUMENTATION_COMMENTS = YES;
				CLANG_WARN_EMPTY_BODY = YES;
				CLANG_WARN_ENUM_CONVERSION = YES;
				CLANG_WARN_INFINITE_RECURSION = YES;
				CLANG_WARN_INT_CONVERSION = YES;
				CLANG_WARN_NON_LITERAL_NULL_CONVERSION = YES;
				CLANG_WARN_OBJC_LITERAL_CONVERSION = YES;
				CLANG_WARN_OBJC_ROOT_CLASS = YES_ERROR;
				CLANG_WARN_RANGE_LOOP_ANALYSIS = YES;
				CLANG_WARN_STRICT_PROTOTYPES = YES;
				CLANG_WARN_SUSPICIOUS_MOVE = YES;
				CLANG_WARN_UNGUARDED_AVAILABILITY = YES_AGGRESSIVE;
				CLANG_WARN_UNREACHABLE_CODE = YES;
				CLANG_WARN__DUPLICATE_METHOD_MATCH = YES;
				CODE_SIGN_IDENTITY = "iPhone Developer";
				COPY_PHASE_STRIP = NO;
				DEBUG_INFORMATION_FORMAT = dwarf;
				ENABLE_STRICT_OBJC_MSGSEND = YES;
				ENABLE_TESTABILITY = YES;
				GCC_C_LANGUAGE_STANDARD = gnu11;
				GCC_DYNAMIC_NO_PIC = NO;
				GCC_NO_COMMON_BLOCKS = YES;
				GCC_OPTIMIZATION_LEVEL = 0;
				GCC_PREPROCESSOR_DEFINITIONS = (
					"DEBUG=1",
					"$(inherited)",
				);
				GCC_WARN_64_TO_32_BIT_CONVERSION = YES;
				GCC_WARN_ABOUT_RETURN_TYPE = YES_ERROR;
				GCC_WARN_UNDECLARED_SELECTOR = YES;
				GCC_WARN_UNINITIALIZED_AUTOS = YES_AGGRESSIVE;
				GCC_WARN_UNUSED_FUNCTION = YES;
				GCC_WARN_UNUSED_VARIABLE = YES;
				IPHONEOS_DEPLOYMENT_TARGET = 11.2;
				MTL_ENABLE_DEBUG_INFO = YES;
				ONLY_ACTIVE_ARCH = YES;
				SDKROOT = iphoneos;
				SWIFT_ACTIVE_COMPILATION_CONDITIONS = DEBUG;
				SWIFT_OPTIMIZATION_LEVEL = "-Onone";
			};
			name = Debug;
		};
		FAB1D0EB204687C9001121FC /* Release */ = {
			isa = XCBuildConfiguration;
			buildSettings = {
				ALWAYS_SEARCH_USER_PATHS = NO;
				CLANG_ANALYZER_NONNULL = YES;
				CLANG_ANALYZER_NUMBER_OBJECT_CONVERSION = YES_AGGRESSIVE;
				CLANG_CXX_LANGUAGE_STANDARD = "gnu++14";
				CLANG_CXX_LIBRARY = "libc++";
				CLANG_ENABLE_MODULES = YES;
				CLANG_ENABLE_OBJC_ARC = YES;
				CLANG_WARN_BLOCK_CAPTURE_AUTORELEASING = YES;
				CLANG_WARN_BOOL_CONVERSION = YES;
				CLANG_WARN_COMMA = YES;
				CLANG_WARN_CONSTANT_CONVERSION = YES;
				CLANG_WARN_DIRECT_OBJC_ISA_USAGE = YES_ERROR;
				CLANG_WARN_DOCUMENTATION_COMMENTS = YES;
				CLANG_WARN_EMPTY_BODY = YES;
				CLANG_WARN_ENUM_CONVERSION = YES;
				CLANG_WARN_INFINITE_RECURSION = YES;
				CLANG_WARN_INT_CONVERSION = YES;
				CLANG_WARN_NON_LITERAL_NULL_CONVERSION = YES;
				CLANG_WARN_OBJC_LITERAL_CONVERSION = YES;
				CLANG_WARN_OBJC_ROOT_CLASS = YES_ERROR;
				CLANG_WARN_RANGE_LOOP_ANALYSIS = YES;
				CLANG_WARN_STRICT_PROTOTYPES = YES;
				CLANG_WARN_SUSPICIOUS_MOVE = YES;
				CLANG_WARN_UNGUARDED_AVAILABILITY = YES_AGGRESSIVE;
				CLANG_WARN_UNREACHABLE_CODE = YES;
				CLANG_WARN__DUPLICATE_METHOD_MATCH = YES;
				CODE_SIGN_IDENTITY = "iPhone Developer";
				COPY_PHASE_STRIP = NO;
				DEBUG_INFORMATION_FORMAT = "dwarf-with-dsym";
				ENABLE_NS_ASSERTIONS = NO;
				ENABLE_STRICT_OBJC_MSGSEND = YES;
				GCC_C_LANGUAGE_STANDARD = gnu11;
				GCC_NO_COMMON_BLOCKS = YES;
				GCC_WARN_64_TO_32_BIT_CONVERSION = YES;
				GCC_WARN_ABOUT_RETURN_TYPE = YES_ERROR;
				GCC_WARN_UNDECLARED_SELECTOR = YES;
				GCC_WARN_UNINITIALIZED_AUTOS = YES_AGGRESSIVE;
				GCC_WARN_UNUSED_FUNCTION = YES;
				GCC_WARN_UNUSED_VARIABLE = YES;
				IPHONEOS_DEPLOYMENT_TARGET = 11.2;
				MTL_ENABLE_DEBUG_INFO = NO;
				SDKROOT = iphoneos;
				SWIFT_OPTIMIZATION_LEVEL = "-Owholemodule";
				VALIDATE_PRODUCT = YES;
			};
			name = Release;
		};
		FAB1D0ED204687C9001121FC /* Debug */ = {
			isa = XCBuildConfiguration;
			buildSettings = {
				ASSETCATALOG_COMPILER_APPICON_NAME = AppIcon;
				CODE_SIGN_STYLE = Automatic;
				DEVELOPMENT_TEAM = 36UJV9NZ5X;
				INFOPLIST_FILE = Artilces/Info.plist;
				LD_RUNPATH_SEARCH_PATHS = "$(inherited) @executable_path/Frameworks";
				PRODUCT_BUNDLE_IDENTIFIER = agam.Artilces;
				PRODUCT_NAME = "$(TARGET_NAME)";
				SWIFT_VERSION = 4.0;
				TARGETED_DEVICE_FAMILY = "1,2";
			};
			name = Debug;
		};
		FAB1D0EE204687C9001121FC /* Release */ = {
			isa = XCBuildConfiguration;
			buildSettings = {
				ASSETCATALOG_COMPILER_APPICON_NAME = AppIcon;
				CODE_SIGN_STYLE = Automatic;
				DEVELOPMENT_TEAM = 36UJV9NZ5X;
				INFOPLIST_FILE = Artilces/Info.plist;
				LD_RUNPATH_SEARCH_PATHS = "$(inherited) @executable_path/Frameworks";
				PRODUCT_BUNDLE_IDENTIFIER = agam.Artilces;
				PRODUCT_NAME = "$(TARGET_NAME)";
				SWIFT_VERSION = 4.0;
				TARGETED_DEVICE_FAMILY = "1,2";
			};
			name = Release;
		};
/* End XCBuildConfiguration section */

/* Begin XCConfigurationList section */
		FAB1D0D2204687C9001121FC /* Build configuration list for PBXProject "Artilces" */ = {
			isa = XCConfigurationList;
			buildConfigurations = (
				FAB1D0EA204687C9001121FC /* Debug */,
				FAB1D0EB204687C9001121FC /* Release */,
			);
			defaultConfigurationIsVisible = 0;
			defaultConfigurationName = Release;
		};
		FAB1D0EC204687C9001121FC /* Build configuration list for PBXNativeTarget "Artilces" */ = {
			isa = XCConfigurationList;
			buildConfigurations = (
				FAB1D0ED204687C9001121FC /* Debug */,
				FAB1D0EE204687C9001121FC /* Release */,
			);
			defaultConfigurationIsVisible = 0;
			defaultConfigurationName = Release;
		};
/* End XCConfigurationList section */

/* Begin XCVersionGroup section */
		FAB1D0E1204687C9001121FC /* Artilces.xcdatamodeld */ = {
			isa = XCVersionGroup;
			children = (
				FAB1D0E2204687C9001121FC /* Artilces.xcdatamodel */,
			);
			currentVersion = FAB1D0E2204687C9001121FC /* Artilces.xcdatamodel */;
			path = Artilces.xcdatamodeld;
			sourceTree = "<group>";
			versionGroupType = wrapper.xcdatamodel;
		};
/* End XCVersionGroup section */
	};
	rootObject = FAB1D0CF204687C9001121FC /* Project object */;
}
